// !$*UTF8*$!
{
	archiveVersion = 1;
	classes = {
	};
	objectVersion = 50;
	objects = {

/* Begin PBXBuildFile section */
		C21B710E269E7EEC001EEDEC /* AppDelegate.swift in Sources */ = {isa = PBXBuildFile; fileRef = C21B710D269E7EEC001EEDEC /* AppDelegate.swift */; };
		C21B7110269E7EEC001EEDEC /* SceneDelegate.swift in Sources */ = {isa = PBXBuildFile; fileRef = C21B710F269E7EEC001EEDEC /* SceneDelegate.swift */; };
		C21B7112269E7EEC001EEDEC /* ViewController.swift in Sources */ = {isa = PBXBuildFile; fileRef = C21B7111269E7EEC001EEDEC /* ViewController.swift */; };
		C21B7115269E7EEC001EEDEC /* Main.storyboard in Resources */ = {isa = PBXBuildFile; fileRef = C21B7113269E7EEC001EEDEC /* Main.storyboard */; };
		C21B7117269E7EED001EEDEC /* Assets.xcassets in Resources */ = {isa = PBXBuildFile; fileRef = C21B7116269E7EED001EEDEC /* Assets.xcassets */; };
		C21B711A269E7EED001EEDEC /* LaunchScreen.storyboard in Resources */ = {isa = PBXBuildFile; fileRef = C21B7118269E7EED001EEDEC /* LaunchScreen.storyboard */; };
		C21B7125269E7EED001EEDEC /* PreworkTests.swift in Sources */ = {isa = PBXBuildFile; fileRef = C21B7124269E7EED001EEDEC /* PreworkTests.swift */; };
		C21B7130269E7EED001EEDEC /* PreworkUITests.swift in Sources */ = {isa = PBXBuildFile; fileRef = C21B712F269E7EED001EEDEC /* PreworkUITests.swift */; };
/* End PBXBuildFile section */

/* Begin PBXContainerItemProxy section */
		C21B7121269E7EED001EEDEC /* PBXContainerItemProxy */ = {
			isa = PBXContainerItemProxy;
			containerPortal = C21B7102269E7EEC001EEDEC /* Project object */;
			proxyType = 1;
			remoteGlobalIDString = C21B7109269E7EEC001EEDEC;
			remoteInfo = Prework;
		};
		C21B712C269E7EED001EEDEC /* PBXContainerItemProxy */ = {
			isa = PBXContainerItemProxy;
			containerPortal = C21B7102269E7EEC001EEDEC /* Project object */;
			proxyType = 1;
			remoteGlobalIDString = C21B7109269E7EEC001EEDEC;
			remoteInfo = Prework;
		};
/* End PBXContainerItemProxy section */

/* Begin PBXFileReference section */
		C21B710A269E7EEC001EEDEC /* Prework.app */ = {isa = PBXFileReference; explicitFileType = wrapper.application; includeInIndex = 0; path = Prework.app; sourceTree = BUILT_PRODUCTS_DIR; };
		C21B710D269E7EEC001EEDEC /* AppDelegate.swift */ = {isa = PBXFileReference; lastKnownFileType = sourcecode.swift; path = AppDelegate.swift; sourceTree = "<group>"; };
		C21B710F269E7EEC001EEDEC /* SceneDelegate.swift */ = {isa = PBXFileReference; lastKnownFileType = sourcecode.swift; path = SceneDelegate.swift; sourceTree = "<group>"; };
		C21B7111269E7EEC001EEDEC /* ViewController.swift */ = {isa = PBXFileReference; lastKnownFileType = sourcecode.swift; path = ViewController.swift; sourceTree = "<group>"; };
		C21B7114269E7EEC001EEDEC /* Base */ = {isa = PBXFileReference; lastKnownFileType = file.storyboard; name = Base; path = Base.lproj/Main.storyboard; sourceTree = "<group>"; };
		C21B7116269E7EED001EEDEC /* Assets.xcassets */ = {isa = PBXFileReference; lastKnownFileType = folder.assetcatalog; path = Assets.xcassets; sourceTree = "<group>"; };
		C21B7119269E7EED001EEDEC /* Base */ = {isa = PBXFileReference; lastKnownFileType = file.storyboard; name = Base; path = Base.lproj/LaunchScreen.storyboard; sourceTree = "<group>"; };
		C21B711B269E7EED001EEDEC /* Info.plist */ = {isa = PBXFileReference; lastKnownFileType = text.plist.xml; path = Info.plist; sourceTree = "<group>"; };
		C21B7120269E7EED001EEDEC /* PreworkTests.xctest */ = {isa = PBXFileReference; explicitFileType = wrapper.cfbundle; includeInIndex = 0; path = PreworkTests.xctest; sourceTree = BUILT_PRODUCTS_DIR; };
		C21B7124269E7EED001EEDEC /* PreworkTests.swift */ = {isa = PBXFileReference; lastKnownFileType = sourcecode.swift; path = PreworkTests.swift; sourceTree = "<group>"; };
		C21B7126269E7EED001EEDEC /* Info.plist */ = {isa = PBXFileReference; lastKnownFileType = text.plist.xml; path = Info.plist; sourceTree = "<group>"; };
		C21B712B269E7EED001EEDEC /* PreworkUITests.xctest */ = {isa = PBXFileReference; explicitFileType = wrapper.cfbundle; includeInIndex = 0; path = PreworkUITests.xctest; sourceTree = BUILT_PRODUCTS_DIR; };
		C21B712F269E7EED001EEDEC /* PreworkUITests.swift */ = {isa = PBXFileReference; lastKnownFileType = sourcecode.swift; path = PreworkUITests.swift; sourceTree = "<group>"; };
		C21B7131269E7EED001EEDEC /* Info.plist */ = {isa = PBXFileReference; lastKnownFileType = text.plist.xml; path = Info.plist; sourceTree = "<group>"; };
/* End PBXFileReference section */

/* Begin PBXFrameworksBuildPhase section */
		C21B7107269E7EEC001EEDEC /* Frameworks */ = {
			isa = PBXFrameworksBuildPhase;
			buildActionMask = 2147483647;
			files = (
			);
			runOnlyForDeploymentPostprocessing = 0;
		};
		C21B711D269E7EED001EEDEC /* Frameworks */ = {
			isa = PBXFrameworksBuildPhase;
			buildActionMask = 2147483647;
			files = (
			);
			runOnlyForDeploymentPostprocessing = 0;
		};
		C21B7128269E7EED001EEDEC /* Frameworks */ = {
			isa = PBXFrameworksBuildPhase;
			buildActionMask = 2147483647;
			files = (
			);
			runOnlyForDeploymentPostprocessing = 0;
		};
/* End PBXFrameworksBuildPhase section */

/* Begin PBXGroup section */
		C21B7101269E7EEC001EEDEC = {
			isa = PBXGroup;
			children = (
				C21B710C269E7EEC001EEDEC /* Prework */,
				C21B7123269E7EED001EEDEC /* PreworkTests */,
				C21B712E269E7EED001EEDEC /* PreworkUITests */,
				C21B710B269E7EEC001EEDEC /* Products */,
			);
			sourceTree = "<group>";
		};
		C21B710B269E7EEC001EEDEC /* Products */ = {
			isa = PBXGroup;
			children = (
				C21B710A269E7EEC001EEDEC /* Prework.app */,
				C21B7120269E7EED001EEDEC /* PreworkTests.xctest */,
				C21B712B269E7EED001EEDEC /* PreworkUITests.xctest */,
			);
			name = Products;
			sourceTree = "<group>";
		};
		C21B710C269E7EEC001EEDEC /* Prework */ = {
			isa = PBXGroup;
			children = (
				C21B710D269E7EEC001EEDEC /* AppDelegate.swift */,
				C21B710F269E7EEC001EEDEC /* SceneDelegate.swift */,
				C21B7111269E7EEC001EEDEC /* ViewController.swift */,
				C21B7113269E7EEC001EEDEC /* Main.storyboard */,
				C21B7116269E7EED001EEDEC /* Assets.xcassets */,
				C21B7118269E7EED001EEDEC /* LaunchScreen.storyboard */,
				C21B711B269E7EED001EEDEC /* Info.plist */,
			);
			path = Prework;
			sourceTree = "<group>";
		};
		C21B7123269E7EED001EEDEC /* PreworkTests */ = {
			isa = PBXGroup;
			children = (
				C21B7124269E7EED001EEDEC /* PreworkTests.swift */,
				C21B7126269E7EED001EEDEC /* Info.plist */,
			);
			path = PreworkTests;
			sourceTree = "<group>";
		};
		C21B712E269E7EED001EEDEC /* PreworkUITests */ = {
			isa = PBXGroup;
			children = (
				C21B712F269E7EED001EEDEC /* PreworkUITests.swift */,
				C21B7131269E7EED001EEDEC /* Info.plist */,
			);
			path = PreworkUITests;
			sourceTree = "<group>";
		};
/* End PBXGroup section */

/* Begin PBXNativeTarget section */
		C21B7109269E7EEC001EEDEC /* Prework */ = {
			isa = PBXNativeTarget;
			buildConfigurationList = C21B7134269E7EED001EEDEC /* Build configuration list for PBXNativeTarget "Prework" */;
			buildPhases = (
				C21B7106269E7EEC001EEDEC /* Sources */,
				C21B7107269E7EEC001EEDEC /* Frameworks */,
				C21B7108269E7EEC001EEDEC /* Resources */,
			);
			buildRules = (
			);
			dependencies = (
			);
			name = Prework;
			productName = Prework;
			productReference = C21B710A269E7EEC001EEDEC /* Prework.app */;
			productType = "com.apple.product-type.application";
		};
		C21B711F269E7EED001EEDEC /* PreworkTests */ = {
			isa = PBXNativeTarget;
			buildConfigurationList = C21B7137269E7EED001EEDEC /* Build configuration list for PBXNativeTarget "PreworkTests" */;
			buildPhases = (
				C21B711C269E7EED001EEDEC /* Sources */,
				C21B711D269E7EED001EEDEC /* Frameworks */,
				C21B711E269E7EED001EEDEC /* Resources */,
			);
			buildRules = (
			);
			dependencies = (
				C21B7122269E7EED001EEDEC /* PBXTargetDependency */,
			);
			name = PreworkTests;
			productName = PreworkTests;
			productReference = C21B7120269E7EED001EEDEC /* PreworkTests.xctest */;
			productType = "com.apple.product-type.bundle.unit-test";
		};
		C21B712A269E7EED001EEDEC /* PreworkUITests */ = {
			isa = PBXNativeTarget;
			buildConfigurationList = C21B713A269E7EED001EEDEC /* Build configuration list for PBXNativeTarget "PreworkUITests" */;
			buildPhases = (
				C21B7127269E7EED001EEDEC /* Sources */,
				C21B7128269E7EED001EEDEC /* Frameworks */,
				C21B7129269E7EED001EEDEC /* Resources */,
			);
			buildRules = (
			);
			dependencies = (
				C21B712D269E7EED001EEDEC /* PBXTargetDependency */,
			);
			name = PreworkUITests;
			productName = PreworkUITests;
			productReference = C21B712B269E7EED001EEDEC /* PreworkUITests.xctest */;
			productType = "com.apple.product-type.bundle.ui-testing";
		};
/* End PBXNativeTarget section */

/* Begin PBXProject section */
		C21B7102269E7EEC001EEDEC /* Project object */ = {
			isa = PBXProject;
			attributes = {
				LastSwiftUpdateCheck = 1250;
				LastUpgradeCheck = 1250;
				TargetAttributes = {
					C21B7109269E7EEC001EEDEC = {
						CreatedOnToolsVersion = 12.5.1;
					};
					C21B711F269E7EED001EEDEC = {
						CreatedOnToolsVersion = 12.5.1;
						TestTargetID = C21B7109269E7EEC001EEDEC;
					};
					C21B712A269E7EED001EEDEC = {
						CreatedOnToolsVersion = 12.5.1;
						TestTargetID = C21B7109269E7EEC001EEDEC;
					};
				};
			};
			buildConfigurationList = C21B7105269E7EEC001EEDEC /* Build configuration list for PBXProject "Prework" */;
			compatibilityVersion = "Xcode 9.3";
			developmentRegion = en;
			hasScannedForEncodings = 0;
			knownRegions = (
				en,
				Base,
			);
			mainGroup = C21B7101269E7EEC001EEDEC;
			productRefGroup = C21B710B269E7EEC001EEDEC /* Products */;
			projectDirPath = "";
			projectRoot = "";
			targets = (
				C21B7109269E7EEC001EEDEC /* Prework */,
				C21B711F269E7EED001EEDEC /* PreworkTests */,
				C21B712A269E7EED001EEDEC /* PreworkUITests */,
			);
		};
/* End PBXProject section */

/* Begin PBXResourcesBuildPhase section */
		C21B7108269E7EEC001EEDEC /* Resources */ = {
			isa = PBXResourcesBuildPhase;
			buildActionMask = 2147483647;
			files = (
				C21B711A269E7EED001EEDEC /* LaunchScreen.storyboard in Resources */,
				C21B7117269E7EED001EEDEC /* Assets.xcassets in Resources */,
				C21B7115269E7EEC001EEDEC /* Main.storyboard in Resources */,
			);
			runOnlyForDeploymentPostprocessing = 0;
		};
		C21B711E269E7EED001EEDEC /* Resources */ = {
			isa = PBXResourcesBuildPhase;
			buildActionMask = 2147483647;
			files = (
			);
			runOnlyForDeploymentPostprocessing = 0;
		};
		C21B7129269E7EED001EEDEC /* Resources */ = {
			isa = PBXResourcesBuildPhase;
			buildActionMask = 2147483647;
			files = (
			);
			runOnlyForDeploymentPostprocessing = 0;
		};
/* End PBXResourcesBuildPhase section */

/* Begin PBXSourcesBuildPhase section */
		C21B7106269E7EEC001EEDEC /* Sources */ = {
			isa = PBXSourcesBuildPhase;
			buildActionMask = 2147483647;
			files = (
				C21B7112269E7EEC001EEDEC /* ViewController.swift in Sources */,
				C21B710E269E7EEC001EEDEC /* AppDelegate.swift in Sources */,
				C21B7110269E7EEC001EEDEC /* SceneDelegate.swift in Sources */,
			);
			runOnlyForDeploymentPostprocessing = 0;
		};
		C21B711C269E7EED001EEDEC /* Sources */ = {
			isa = PBXSourcesBuildPhase;
			buildActionMask = 2147483647;
			files = (
				C21B7125269E7EED001EEDEC /* PreworkTests.swift in Sources */,
			);
			runOnlyForDeploymentPostprocessing = 0;
		};
		C21B7127269E7EED001EEDEC /* Sources */ = {
			isa = PBXSourcesBuildPhase;
			buildActionMask = 2147483647;
			files = (
				C21B7130269E7EED001EEDEC /* PreworkUITests.swift in Sources */,
			);
			runOnlyForDeploymentPostprocessing = 0;
		};
/* End PBXSourcesBuildPhase section */

/* Begin PBXTargetDependency section */
		C21B7122269E7EED001EEDEC /* PBXTargetDependency */ = {
			isa = PBXTargetDependency;
			target = C21B7109269E7EEC001EEDEC /* Prework */;
			targetProxy = C21B7121269E7EED001EEDEC /* PBXContainerItemProxy */;
		};
		C21B712D269E7EED001EEDEC /* PBXTargetDependency */ = {
			isa = PBXTargetDependency;
			target = C21B7109269E7EEC001EEDEC /* Prework */;
			targetProxy = C21B712C269E7EED001EEDEC /* PBXContainerItemProxy */;
		};
/* End PBXTargetDependency section */

/* Begin PBXVariantGroup section */
		C21B7113269E7EEC001EEDEC /* Main.storyboard */ = {
			isa = PBXVariantGroup;
			children = (
				C21B7114269E7EEC001EEDEC /* Base */,
			);
			name = Main.storyboard;
			sourceTree = "<group>";
		};
		C21B7118269E7EED001EEDEC /* LaunchScreen.storyboard */ = {
			isa = PBXVariantGroup;
			children = (
				C21B7119269E7EED001EEDEC /* Base */,
			);
			name = LaunchScreen.storyboard;
			sourceTree = "<group>";
		};
/* End PBXVariantGroup section */

/* Begin XCBuildConfiguration section */
		C21B7132269E7EED001EEDEC /* Debug */ = {
			isa = XCBuildConfiguration;
			buildSettings = {
				ALWAYS_SEARCH_USER_PATHS = NO;
				CLANG_ANALYZER_NONNULL = YES;
				CLANG_ANALYZER_NUMBER_OBJECT_CONVERSION = YES_AGGRESSIVE;
				CLANG_CXX_LANGUAGE_STANDARD = "gnu++14";
				CLANG_CXX_LIBRARY = "libc++";
				CLANG_ENABLE_MODULES = YES;
				CLANG_ENABLE_OBJC_ARC = YES;
				CLANG_ENABLE_OBJC_WEAK = YES;
				CLANG_WARN_BLOCK_CAPTURE_AUTORELEASING = YES;
				CLANG_WARN_BOOL_CONVERSION = YES;
				CLANG_WARN_COMMA = YES;
				CLANG_WARN_CONSTANT_CONVERSION = YES;
				CLANG_WARN_DEPRECATED_OBJC_IMPLEMENTATIONS = YES;
				CLANG_WARN_DIRECT_OBJC_ISA_USAGE = YES_ERROR;
				CLANG_WARN_DOCUMENTATION_COMMENTS = YES;
				CLANG_WARN_EMPTY_BODY = YES;
				CLANG_WARN_ENUM_CONVERSION = YES;
				CLANG_WARN_INFINITE_RECURSION = YES;
				CLANG_WARN_INT_CONVERSION = YES;
				CLANG_WARN_NON_LITERAL_NULL_CONVERSION = YES;
				CLANG_WARN_OBJC_IMPLICIT_RETAIN_SELF = YES;
				CLANG_WARN_OBJC_LITERAL_CONVERSION = YES;
				CLANG_WARN_OBJC_ROOT_CLASS = YES_ERROR;
				CLANG_WARN_QUOTED_INCLUDE_IN_FRAMEWORK_HEADER = YES;
				CLANG_WARN_RANGE_LOOP_ANALYSIS = YES;
				CLANG_WARN_STRICT_PROTOTYPES = YES;
				CLANG_WARN_SUSPICIOUS_MOVE = YES;
				CLANG_WARN_UNGUARDED_AVAILABILITY = YES_AGGRESSIVE;
				CLANG_WARN_UNREACHABLE_CODE = YES;
				CLANG_WARN__DUPLICATE_METHOD_MATCH = YES;
				COPY_PHASE_STRIP = NO;
				DEBUG_INFORMATION_FORMAT = dwarf;
				ENABLE_STRICT_OBJC_MSGSEND = YES;
				ENABLE_TESTABILITY = YES;
				GCC_C_LANGUAGE_STANDARD = gnu11;
				GCC_DYNAMIC_NO_PIC = NO;
				GCC_NO_COMMON_BLOCKS = YES;
				GCC_OPTIMIZATION_LEVEL = 0;
				GCC_PREPROCESSOR_DEFINITIONS = (
					"DEBUG=1",
					"$(inherited)",
				);
				GCC_WARN_64_TO_32_BIT_CONVERSION = YES;
				GCC_WARN_ABOUT_RETURN_TYPE = YES_ERROR;
				GCC_WARN_UNDECLARED_SELECTOR = YES;
				GCC_WARN_UNINITIALIZED_AUTOS = YES_AGGRESSIVE;
				GCC_WARN_UNUSED_FUNCTION = YES;
				GCC_WARN_UNUSED_VARIABLE = YES;
				IPHONEOS_DEPLOYMENT_TARGET = 14.5;
				MTL_ENABLE_DEBUG_INFO = INCLUDE_SOURCE;
				MTL_FAST_MATH = YES;
				ONLY_ACTIVE_ARCH = YES;
				SDKROOT = iphoneos;
				SWIFT_ACTIVE_COMPILATION_CONDITIONS = DEBUG;
				SWIFT_OPTIMIZATION_LEVEL = "-Onone";
			};
			name = Debug;
		};
		C21B7133269E7EED001EEDEC /* Release */ = {
			isa = XCBuildConfiguration;
			buildSettings = {
				ALWAYS_SEARCH_USER_PATHS = NO;
				CLANG_ANALYZER_NONNULL = YES;
				CLANG_ANALYZER_NUMBER_OBJECT_CONVERSION = YES_AGGRESSIVE;
				CLANG_CXX_LANGUAGE_STANDARD = "gnu++14";
				CLANG_CXX_LIBRARY = "libc++";
				CLANG_ENABLE_MODULES = YES;
				CLANG_ENABLE_OBJC_ARC = YES;
				CLANG_ENABLE_OBJC_WEAK = YES;
				CLANG_WARN_BLOCK_CAPTURE_AUTORELEASING = YES;
				CLANG_WARN_BOOL_CONVERSION = YES;
				CLANG_WARN_COMMA = YES;
				CLANG_WARN_CONSTANT_CONVERSION = YES;
				CLANG_WARN_DEPRECATED_OBJC_IMPLEMENTATIONS = YES;
				CLANG_WARN_DIRECT_OBJC_ISA_USAGE = YES_ERROR;
				CLANG_WARN_DOCUMENTATION_COMMENTS = YES;
				CLANG_WARN_EMPTY_BODY = YES;
				CLANG_WARN_ENUM_CONVERSION = YES;
				CLANG_WARN_INFINITE_RECURSION = YES;
				CLANG_WARN_INT_CONVERSION = YES;
				CLANG_WARN_NON_LITERAL_NULL_CONVERSION = YES;
				CLANG_WARN_OBJC_IMPLICIT_RETAIN_SELF = YES;
				CLANG_WARN_OBJC_LITERAL_CONVERSION = YES;
				CLANG_WARN_OBJC_ROOT_CLASS = YES_ERROR;
				CLANG_WARN_QUOTED_INCLUDE_IN_FRAMEWORK_HEADER = YES;
				CLANG_WARN_RANGE_LOOP_ANALYSIS = YES;
				CLANG_WARN_STRICT_PROTOTYPES = YES;
				CLANG_WARN_SUSPICIOUS_MOVE = YES;
				CLANG_WARN_UNGUARDED_AVAILABILITY = YES_AGGRESSIVE;
				CLANG_WARN_UNREACHABLE_CODE = YES;
				CLANG_WARN__DUPLICATE_METHOD_MATCH = YES;
				COPY_PHASE_STRIP = NO;
				DEBUG_INFORMATION_FORMAT = "dwarf-with-dsym";
				ENABLE_NS_ASSERTIONS = NO;
				ENABLE_STRICT_OBJC_MSGSEND = YES;
				GCC_C_LANGUAGE_STANDARD = gnu11;
				GCC_NO_COMMON_BLOCKS = YES;
				GCC_WARN_64_TO_32_BIT_CONVERSION = YES;
				GCC_WARN_ABOUT_RETURN_TYPE = YES_ERROR;
				GCC_WARN_UNDECLARED_SELECTOR = YES;
				GCC_WARN_UNINITIALIZED_AUTOS = YES_AGGRESSIVE;
				GCC_WARN_UNUSED_FUNCTION = YES;
				GCC_WARN_UNUSED_VARIABLE = YES;
				IPHONEOS_DEPLOYMENT_TARGET = 14.5;
				MTL_ENABLE_DEBUG_INFO = NO;
				MTL_FAST_MATH = YES;
				SDKROOT = iphoneos;
				SWIFT_COMPILATION_MODE = wholemodule;
				SWIFT_OPTIMIZATION_LEVEL = "-O";
				VALIDATE_PRODUCT = YES;
			};
			name = Release;
		};
		C21B7135269E7EED001EEDEC /* Debug */ = {
			isa = XCBuildConfiguration;
			buildSettings = {
				ASSETCATALOG_COMPILER_APPICON_NAME = AppIcon;
				ASSETCATALOG_COMPILER_GLOBAL_ACCENT_COLOR_NAME = AccentColor;
				CODE_SIGN_STYLE = Automatic;
				INFOPLIST_FILE = Prework/Info.plist;
				LD_RUNPATH_SEARCH_PATHS = (
					"$(inherited)",
					"@executable_path/Frameworks",
				);
				PRODUCT_BUNDLE_IDENTIFIER = "";
				PRODUCT_NAME = "$(TARGET_NAME)";
				SWIFT_VERSION = 5.0;
				TARGETED_DEVICE_FAMILY = "1,2";
			};
			name = Debug;
		};
		C21B7136269E7EED001EEDEC /* Release */ = {
			isa = XCBuildConfiguration;
			buildSettings = {
				ASSETCATALOG_COMPILER_APPICON_NAME = AppIcon;
				ASSETCATALOG_COMPILER_GLOBAL_ACCENT_COLOR_NAME = AccentColor;
				CODE_SIGN_STYLE = Automatic;
				INFOPLIST_FILE = Prework/Info.plist;
				LD_RUNPATH_SEARCH_PATHS = (
					"$(inherited)",
					"@executable_path/Frameworks",
				);
				PRODUCT_BUNDLE_IDENTIFIER = "";
				PRODUCT_NAME = "$(TARGET_NAME)";
				SWIFT_VERSION = 5.0;
				TARGETED_DEVICE_FAMILY = "1,2";
			};
			name = Release;
		};
		C21B7138269E7EED001EEDEC /* Debug */ = {
			isa = XCBuildConfiguration;
			buildSettings = {
				ALWAYS_EMBED_SWIFT_STANDARD_LIBRARIES = YES;
				BUNDLE_LOADER = "$(TEST_HOST)";
				CODE_SIGN_STYLE = Automatic;
				INFOPLIST_FILE = PreworkTests/Info.plist;
				IPHONEOS_DEPLOYMENT_TARGET = 14.5;
				LD_RUNPATH_SEARCH_PATHS = (
					"$(inherited)",
					"@executable_path/Frameworks",
					"@loader_path/Frameworks",
				);
				PRODUCT_BUNDLE_IDENTIFIER = memo.com.PreworkTests;
				PRODUCT_NAME = "$(TARGET_NAME)";
				SWIFT_VERSION = 5.0;
				TARGETED_DEVICE_FAMILY = "1,2";
				TEST_HOST = "$(BUILT_PRODUCTS_DIR)/Prework.app/Prework";
			};
			name = Debug;
		};
		C21B7139269E7EED001EEDEC /* Release */ = {
			isa = XCBuildConfiguration;
			buildSettings = {
				ALWAYS_EMBED_SWIFT_STANDARD_LIBRARIES = YES;
				BUNDLE_LOADER = "$(TEST_HOST)";
				CODE_SIGN_STYLE = Automatic;
				INFOPLIST_FILE = PreworkTests/Info.plist;
				IPHONEOS_DEPLOYMENT_TARGET = 14.5;
				LD_RUNPATH_SEARCH_PATHS = (
					"$(inherited)",
					"@executable_path/Frameworks",
					"@loader_path/Frameworks",
				);
				PRODUCT_BUNDLE_IDENTIFIER = memo.com.PreworkTests;
				PRODUCT_NAME = "$(TARGET_NAME)";
				SWIFT_VERSION = 5.0;
				TARGETED_DEVICE_FAMILY = "1,2";
				TEST_HOST = "$(BUILT_PRODUCTS_DIR)/Prework.app/Prework";
			};
			name = Release;
		};
		C21B713B269E7EED001EEDEC /* Debug */ = {
			isa = XCBuildConfiguration;
			buildSettings = {
				ALWAYS_EMBED_SWIFT_STANDARD_LIBRARIES = YES;
				CODE_SIGN_STYLE = Automatic;
				INFOPLIST_FILE = PreworkUITests/Info.plist;
				LD_RUNPATH_SEARCH_PATHS = (
					"$(inherited)",
					"@executable_path/Frameworks",
					"@loader_path/Frameworks",
				);
				PRODUCT_BUNDLE_IDENTIFIER = memo.com.PreworkUITests;
				PRODUCT_NAME = "$(TARGET_NAME)";
				SWIFT_VERSION = 5.0;
				TARGETED_DEVICE_FAMILY = "1,2";
				TEST_TARGET_NAME = Prework;
			};
			name = Debug;
		};
		C21B713C269E7EED001EEDEC /* Release */ = {
			isa = XCBuildConfiguration;
			buildSettings = {
				ALWAYS_EMBED_SWIFT_STANDARD_LIBRARIES = YES;
				CODE_SIGN_STYLE = Automatic;
				INFOPLIST_FILE = PreworkUITests/Info.plist;
				LD_RUNPATH_SEARCH_PATHS = (
					"$(inherited)",
					"@executable_path/Frameworks",
					"@loader_path/Frameworks",
				);
				PRODUCT_BUNDLE_IDENTIFIER = memo.com.PreworkUITests;
				PRODUCT_NAME = "$(TARGET_NAME)";
				SWIFT_VERSION = 5.0;
				TARGETED_DEVICE_FAMILY = "1,2";
				TEST_TARGET_NAME = Prework;
			};
			name = Release;
		};
/* End XCBuildConfiguration section */

/* Begin XCConfigurationList section */
		C21B7105269E7EEC001EEDEC /* Build configuration list for PBXProject "Prework" */ = {
			isa = XCConfigurationList;
			buildConfigurations = (
				C21B7132269E7EED001EEDEC /* Debug */,
				C21B7133269E7EED001EEDEC /* Release */,
			);
			defaultConfigurationIsVisible = 0;
			defaultConfigurationName = Release;
		};
		C21B7134269E7EED001EEDEC /* Build configuration list for PBXNativeTarget "Prework" */ = {
			isa = XCConfigurationList;
			buildConfigurations = (
				C21B7135269E7EED001EEDEC /* Debug */,
				C21B7136269E7EED001EEDEC /* Release */,
			);
			defaultConfigurationIsVisible = 0;
			defaultConfigurationName = Release;
		};
		C21B7137269E7EED001EEDEC /* Build configuration list for PBXNativeTarget "PreworkTests" */ = {
			isa = XCConfigurationList;
			buildConfigurations = (
				C21B7138269E7EED001EEDEC /* Debug */,
				C21B7139269E7EED001EEDEC /* Release */,
			);
			defaultConfigurationIsVisible = 0;
			defaultConfigurationName = Release;
		};
		C21B713A269E7EED001EEDEC /* Build configuration list for PBXNativeTarget "PreworkUITests" */ = {
			isa = XCConfigurationList;
			buildConfigurations = (
				C21B713B269E7EED001EEDEC /* Debug */,
				C21B713C269E7EED001EEDEC /* Release */,
			);
			defaultConfigurationIsVisible = 0;
			defaultConfigurationName = Release;
		};
/* End XCConfigurationList section */
	};
	rootObject = C21B7102269E7EEC001EEDEC /* Project object */;
}
